{
  "nodes": {
    "audio-logger": {
      "inputs": {
        "flake-utils": "flake-utils",
        "nixpkgs": "nixpkgs"
      },
      "locked": {
        "lastModified": 1693938261,
        "narHash": "sha256-ukj3akr9JjrLVrbr8hJC67MVxtMeNObrN19h8IMvuGA=",
        "owner": "nordic-dev-net",
        "repo": "audio-logger",
        "rev": "df7ad2164489fa1da404c6fda7b01170c4703d12",
        "type": "github"
      },
      "original": {
        "owner": "nordic-dev-net",
        "ref": "1-make-audio-logger-work-as-a-systemd-service-through-the-flake",
        "repo": "audio-logger",
        "type": "github"
      }
    },
    "base16": {
      "inputs": {
        "fromYaml": "fromYaml"
      },
      "locked": {
        "lastModified": 1691878844,
        "narHash": "sha256-NCV0asC77UARa5/TCJY9ksFvf7VndCSaap/aTEcDxBw=",
        "owner": "SenchoPens",
        "repo": "base16.nix",
        "rev": "def69d6edc32792562975aec863dbef757f832cf",
        "type": "github"
      },
      "original": {
        "owner": "SenchoPens",
        "repo": "base16.nix",
        "type": "github"
      }
    },
    "base16-schemes": {
      "flake": false,
      "locked": {
        "lastModified": 1696158499,
        "narHash": "sha256-5yIHgDTPjoX/3oDEfLSQ0eJZdFL1SaCfb9d6M0RmOTM=",
        "owner": "base16-project",
        "repo": "base16-schemes",
        "rev": "a9112eaae86d9dd8ee6bb9445b664fba2f94037a",
        "type": "github"
      },
      "original": {
        "owner": "base16-project",
        "repo": "base16-schemes",
        "type": "github"
      }
    },
    "base16-schemes_2": {
      "flake": false,
      "locked": {
        "lastModified": 1689473676,
        "narHash": "sha256-L0RhUr9+W5EPWBpLcmkKpUeCEWRs/kLzVMF3Vao2ZU0=",
        "owner": "tinted-theming",
        "repo": "base16-schemes",
        "rev": "d95123ca6377cd849cfdce92c0a24406b0c6a789",
        "type": "github"
      },
      "original": {
        "owner": "tinted-theming",
        "repo": "base16-schemes",
        "type": "github"
      }
    },
    "base16-vim": {
      "flake": false,
      "locked": {
        "lastModified": 1696727080,
        "narHash": "sha256-K9RieddXTKgMakMFdDTUqvsE1mL6kKHt0b/SUp37tXI=",
        "owner": "base16-project",
        "repo": "base16-vim",
        "rev": "5b54dcbb679ea208bd0a2d814fae4787a2764c1f",
        "type": "github"
      },
      "original": {
        "owner": "base16-project",
        "repo": "base16-vim",
        "type": "github"
      }
    },
    "base16-zathura": {
      "flake": false,
      "locked": {
        "lastModified": 1643130739,
        "narHash": "sha256-nVJoygnytYN40VHXpAFwO7ruVbaSydeR547MU45VSuY=",
        "owner": "haozeke",
        "repo": "base16-zathura",
        "rev": "9f148b4001dc67d399e645919225943d47e50125",
        "type": "github"
      },
      "original": {
        "owner": "haozeke",
        "repo": "base16-zathura",
        "type": "github"
      }
    },
    "beautysh": {
      "inputs": {
        "nixpkgs": [
          "nixvim",
          "nixpkgs"
        ],
        "poetry2nix": "poetry2nix",
        "utils": "utils"
      },
      "locked": {
        "lastModified": 1680308980,
        "narHash": "sha256-aUEHV0jk2qIFP3jlsWYWhBbm+w/N9gzH3e4I5DcdB5s=",
        "owner": "lovesegfault",
        "repo": "beautysh",
        "rev": "9845efc3ea3e86cc0d41465d720a47f521b2799c",
        "type": "github"
      },
      "original": {
        "owner": "lovesegfault",
        "repo": "beautysh",
        "type": "github"
      }
    },
    "flake-compat": {
      "flake": false,
      "locked": {
        "lastModified": 1673956053,
        "narHash": "sha256-4gtG9iQuiKITOjNQQeQIpoIB6b16fm+504Ch3sNKLd8=",
        "owner": "edolstra",
        "repo": "flake-compat",
        "rev": "35bb57c0c8d8b62bbfd284272c928ceb64ddbde9",
        "type": "github"
      },
      "original": {
        "owner": "edolstra",
        "repo": "flake-compat",
        "type": "github"
      }
    },
    "flake-utils": {
      "inputs": {
        "systems": "systems"
      },
      "locked": {
        "lastModified": 1687709756,
        "narHash": "sha256-Y5wKlQSkgEK2weWdOu4J3riRd+kV/VCgHsqLNTTWQ/0=",
        "owner": "numtide",
        "repo": "flake-utils",
        "rev": "dbabf0ca0c0c4bce6ea5eaf65af5cb694d2082c7",
        "type": "github"
      },
      "original": {
        "owner": "numtide",
        "repo": "flake-utils",
        "type": "github"
      }
    },
    "flake-utils_2": {
      "inputs": {
        "systems": "systems_2"
      },
      "locked": {
        "lastModified": 1694529238,
        "narHash": "sha256-zsNZZGTGnMOf9YpHKJqMSsa0dXbfmxeoJ7xHlrt+xmY=",
        "owner": "numtide",
        "repo": "flake-utils",
        "rev": "ff7b65b44d01cf9ba6a71320833626af21126384",
        "type": "github"
      },
      "original": {
        "owner": "numtide",
        "repo": "flake-utils",
        "type": "github"
      }
    },
    "flake-utils_3": {
      "inputs": {
        "systems": "systems_4"
      },
      "locked": {
        "lastModified": 1694529238,
        "narHash": "sha256-zsNZZGTGnMOf9YpHKJqMSsa0dXbfmxeoJ7xHlrt+xmY=",
        "owner": "numtide",
        "repo": "flake-utils",
        "rev": "ff7b65b44d01cf9ba6a71320833626af21126384",
        "type": "github"
      },
      "original": {
        "owner": "numtide",
        "repo": "flake-utils",
        "type": "github"
      }
    },
    "flake-utils_4": {
      "inputs": {
        "systems": "systems_5"
      },
      "locked": {
        "lastModified": 1685518550,
        "narHash": "sha256-o2d0KcvaXzTrPRIo0kOLV0/QXHhDQ5DTi+OxcjO8xqY=",
        "owner": "numtide",
        "repo": "flake-utils",
        "rev": "a1720a10a6cfe8234c0e93907ffe81be440f4cef",
        "type": "github"
      },
      "original": {
        "owner": "numtide",
        "repo": "flake-utils",
        "type": "github"
      }
    },
    "fromYaml": {
      "flake": false,
      "locked": {
        "lastModified": 1689549921,
        "narHash": "sha256-iX0pk/uB019TdBGlaJEWvBCfydT6sRq+eDcGPifVsCM=",
        "owner": "SenchoPens",
        "repo": "fromYaml",
        "rev": "11fbbbfb32e3289d3c631e0134a23854e7865c84",
        "type": "github"
      },
      "original": {
        "owner": "SenchoPens",
        "repo": "fromYaml",
        "type": "github"
      }
    },
    "gitignore": {
      "inputs": {
        "nixpkgs": [
          "nixvim",
          "pre-commit-hooks",
          "nixpkgs"
        ]
      },
      "locked": {
        "lastModified": 1660459072,
        "narHash": "sha256-8DFJjXG8zqoONA1vXtgeKXy68KdJL5UaXR8NtVMUbx8=",
        "owner": "hercules-ci",
        "repo": "gitignore.nix",
        "rev": "a20de23b925fd8264fd7fad6454652e142fd7f73",
        "type": "github"
      },
      "original": {
        "owner": "hercules-ci",
        "repo": "gitignore.nix",
        "type": "github"
      }
    },
    "home-manager": {
      "inputs": {
        "nixpkgs": [
          "nixpkgs"
        ]
      },
      "locked": {
        "lastModified": 1698795315,
        "narHash": "sha256-fF5ScAWLMHXOuqsbLSG137kS1D+gr9JPtm4H2c4yBbU=",
        "owner": "nix-community",
        "repo": "home-manager",
        "rev": "9bc7d84b8213255ecd5eb6299afdb77c36ece71d",
        "type": "github"
      },
      "original": {
        "owner": "nix-community",
        "ref": "master",
        "repo": "home-manager",
        "type": "github"
      }
    },
    "hyprland": {
      "inputs": {
        "hyprland-protocols": "hyprland-protocols",
        "nixpkgs": [
          "nixpkgs"
        ],
        "systems": "systems_3",
        "wlroots": "wlroots",
        "xdph": "xdph"
      },
      "locked": {
        "lastModified": 1698802123,
        "narHash": "sha256-Tpx1U6IlnD+wrSvUrBwEvwvK5D8cifIdppB9CwpVQdo=",
        "owner": "hyprwm",
        "repo": "Hyprland",
        "rev": "7b32b4214d028a173c8192bddaa9e43503326080",
        "type": "github"
      },
      "original": {
        "owner": "hyprwm",
        "repo": "Hyprland",
        "type": "github"
      }
    },
    "hyprland-protocols": {
      "inputs": {
        "nixpkgs": [
          "hyprland",
          "nixpkgs"
        ],
        "systems": [
          "hyprland",
          "systems"
        ]
      },
      "locked": {
        "lastModified": 1691753796,
        "narHash": "sha256-zOEwiWoXk3j3+EoF3ySUJmberFewWlagvewDRuWYAso=",
        "owner": "hyprwm",
        "repo": "hyprland-protocols",
        "rev": "0c2ce70625cb30aef199cb388f99e19a61a6ce03",
        "type": "github"
      },
      "original": {
        "owner": "hyprwm",
        "repo": "hyprland-protocols",
        "type": "github"
      }
    },
    "hyprwm-contrib": {
      "inputs": {
        "nixpkgs": [
          "nixpkgs"
        ]
      },
      "locked": {
        "lastModified": 1698687579,
        "narHash": "sha256-BWqQQLhpuQolMiLMTcsc8cNlNzI9+MG/uc184IlP2nA=",
        "owner": "hyprwm",
        "repo": "contrib",
        "rev": "bfd3e0efc1af9654808e644b157eb3c170c26fa1",
        "type": "github"
      },
      "original": {
        "owner": "hyprwm",
        "repo": "contrib",
        "type": "github"
      }
    },
    "microvm-nix": {
      "inputs": {
        "flake-utils": [
          "flake-utils"
        ],
        "nixpkgs": [
          "nixpkgs"
        ]
      },
      "locked": {
        "lastModified": 1698504395,
        "narHash": "sha256-92+0zv8p0awLLigXNFHsuNBYzeOuBqMqPqLTbmHWRCA=",
        "owner": "astro",
        "repo": "microvm.nix",
        "rev": "dfe2d3db94e4829e317f97e3a095d6fd8b91f30c",
        "type": "github"
      },
      "original": {
        "owner": "astro",
        "repo": "microvm.nix",
        "type": "github"
      }
    },
    "nix-colors": {
      "inputs": {
        "base16-schemes": "base16-schemes_2",
        "nixpkgs-lib": "nixpkgs-lib"
      },
      "locked": {
        "lastModified": 1695388192,
        "narHash": "sha256-2jelpE7xK+4M7jZNyWL7QYOYegQLYBDQS5bvdo8XRUQ=",
        "owner": "misterio77",
        "repo": "nix-colors",
        "rev": "37227f274b34a3b51649166deb94ce7fec2c6a4c",
        "type": "github"
      },
      "original": {
        "owner": "misterio77",
        "repo": "nix-colors",
        "type": "github"
      }
    },
    "nixpkgs": {
      "locked": {
        "lastModified": 1688868408,
        "narHash": "sha256-RR9N5XTAxSBhK8MCvLq9uxfdkd7etC//seVXldy0k48=",
        "owner": "NixOS",
        "repo": "nixpkgs",
        "rev": "510d721ce097150ae3b80f84b04b13b039186571",
        "type": "github"
      },
      "original": {
        "owner": "NixOS",
        "ref": "nixos-23.05",
        "repo": "nixpkgs",
        "type": "github"
      }
    },
    "nixpkgs-lib": {
      "locked": {
        "lastModified": 1694911725,
        "narHash": "sha256-8YqI+YU1DGclEjHsnrrGfqsQg3Wyga1DfTbJrN3Ud0c=",
        "owner": "nix-community",
        "repo": "nixpkgs.lib",
        "rev": "819180647f428a3826bfc917a54449da1e532ce0",
        "type": "github"
      },
      "original": {
        "owner": "nix-community",
        "repo": "nixpkgs.lib",
        "type": "github"
      }
    },
    "nixpkgs-stable": {
      "locked": {
        "lastModified": 1685801374,
        "narHash": "sha256-otaSUoFEMM+LjBI1XL/xGB5ao6IwnZOXc47qhIgJe8U=",
        "owner": "NixOS",
        "repo": "nixpkgs",
        "rev": "c37ca420157f4abc31e26f436c1145f8951ff373",
        "type": "github"
      },
      "original": {
        "owner": "NixOS",
        "ref": "nixos-23.05",
        "repo": "nixpkgs",
        "type": "github"
      }
    },
    "nixpkgs-stable_2": {
      "locked": {
        "lastModified": 1698544399,
        "narHash": "sha256-vhRmPyEyoPkrXF2iykBsWHA05MIaOSmMRLMF7Hul6+s=",
        "owner": "NixOS",
        "repo": "nixpkgs",
        "rev": "d87c5d8c41c9b3b39592563242f3a448b5cc4bc9",
        "type": "github"
      },
      "original": {
        "owner": "NixOS",
        "ref": "release-23.05",
        "repo": "nixpkgs",
        "type": "github"
      }
    },
    "nixpkgs_2": {
      "locked": {
        "lastModified": 1698611440,
        "narHash": "sha256-jPjHjrerhYDy3q9+s5EAsuhyhuknNfowY6yt6pjn9pc=",
        "owner": "NixOS",
        "repo": "nixpkgs",
        "rev": "0cbe9f69c234a7700596e943bfae7ef27a31b735",
        "type": "github"
      },
      "original": {
        "owner": "NixOS",
        "ref": "nixos-unstable",
        "repo": "nixpkgs",
        "type": "github"
      }
    },
    "nixpkgs_3": {
      "locked": {
        "lastModified": 1698336494,
        "narHash": "sha256-sO72WDBKyijYD1GcKPlGsycKbMBiTJMBCnmOxLAs880=",
        "owner": "NixOS",
        "repo": "nixpkgs",
        "rev": "808c0d8c53c7ae50f82aca8e7df263225cf235bf",
        "type": "github"
      },
      "original": {
        "owner": "NixOS",
        "ref": "nixpkgs-unstable",
        "repo": "nixpkgs",
        "type": "github"
      }
    },
    "nixvim": {
      "inputs": {
        "beautysh": "beautysh",
        "flake-utils": "flake-utils_3",
        "nixpkgs": [
          "nixpkgs"
        ],
        "pre-commit-hooks": "pre-commit-hooks"
      },
      "locked": {
        "lastModified": 1698837299,
        "narHash": "sha256-2j0DOs3c40GID2FuH+yZR+u8QV1tmU7uBo/Ye5NF4x4=",
        "owner": "pta2002",
        "repo": "nixvim",
        "rev": "20199685482e61b3ca1c7ac549ab2761063cbf91",
        "type": "github"
      },
      "original": {
        "owner": "pta2002",
        "repo": "nixvim",
        "type": "github"
      }
    },
    "poetry2nix": {
      "inputs": {
        "flake-utils": [
          "nixvim",
          "beautysh",
          "utils"
        ],
        "nixpkgs": [
          "nixvim",
          "beautysh",
          "nixpkgs"
        ]
      },
      "locked": {
        "lastModified": 1658665240,
        "narHash": "sha256-/wkx7D7enyBPRjIkK0w7QxLQhzEkb3UxNQnjyc3FTUI=",
        "owner": "nix-community",
        "repo": "poetry2nix",
        "rev": "8b8edc85d24661d5a6d0d71d6a7011f3e699780f",
        "type": "github"
      },
      "original": {
        "owner": "nix-community",
        "repo": "poetry2nix",
        "type": "github"
      }
    },
    "pre-commit-hooks": {
      "inputs": {
        "flake-compat": "flake-compat",
        "flake-utils": "flake-utils_4",
        "gitignore": "gitignore",
        "nixpkgs": [
          "nixvim",
          "nixpkgs"
        ],
        "nixpkgs-stable": "nixpkgs-stable"
      },
      "locked": {
        "lastModified": 1698227354,
        "narHash": "sha256-Fi5H9jbaQLmLw9qBi/mkR33CoFjNbobo5xWdX4tKz1Q=",
        "owner": "cachix",
        "repo": "pre-commit-hooks.nix",
        "rev": "bd38df3d508dfcdff52cd243d297f218ed2257bf",
        "type": "github"
      },
      "original": {
        "owner": "cachix",
        "repo": "pre-commit-hooks.nix",
        "type": "github"
      }
    },
    "root": {
      "inputs": {
        "audio-logger": "audio-logger",
        "base16": "base16",
        "base16-schemes": "base16-schemes",
        "base16-vim": "base16-vim",
        "base16-zathura": "base16-zathura",
        "flake-utils": "flake-utils_2",
        "home-manager": "home-manager",
        "hyprland": "hyprland",
        "hyprwm-contrib": "hyprwm-contrib",
        "microvm-nix": "microvm-nix",
        "nix-colors": "nix-colors",
        "nixpkgs": "nixpkgs_2",
        "nixvim": "nixvim",
        "sops-nix": "sops-nix"
      }
    },
    "sops-nix": {
      "inputs": {
        "nixpkgs": "nixpkgs_3",
        "nixpkgs-stable": "nixpkgs-stable_2"
      },
      "locked": {
        "lastModified": 1698548647,
        "narHash": "sha256-7c03OjBGqnwDW0FBaBc+NjfEBxMkza+dxZGJPyIzfFE=",
        "owner": "Mic92",
        "repo": "sops-nix",
        "rev": "632c3161a6cc24142c8e3f5529f5d81042571165",
        "type": "github"
      },
      "original": {
        "owner": "Mic92",
        "repo": "sops-nix",
        "type": "github"
      }
    },
    "systems": {
      "locked": {
        "lastModified": 1681028828,
        "narHash": "sha256-Vy1rq5AaRuLzOxct8nz4T6wlgyUR7zLU309k9mBC768=",
        "owner": "nix-systems",
        "repo": "default",
        "rev": "da67096a3b9bf56a91d16901293e51ba5b49a27e",
        "type": "github"
      },
      "original": {
        "owner": "nix-systems",
        "repo": "default",
        "type": "github"
      }
    },
    "systems_2": {
      "locked": {
        "lastModified": 1681028828,
        "narHash": "sha256-Vy1rq5AaRuLzOxct8nz4T6wlgyUR7zLU309k9mBC768=",
        "owner": "nix-systems",
        "repo": "default",
        "rev": "da67096a3b9bf56a91d16901293e51ba5b49a27e",
        "type": "github"
      },
      "original": {
        "owner": "nix-systems",
        "repo": "default",
        "type": "github"
      }
    },
    "systems_3": {
      "locked": {
        "lastModified": 1689347949,
        "narHash": "sha256-12tWmuL2zgBgZkdoB6qXZsgJEH9LR3oUgpaQq2RbI80=",
        "owner": "nix-systems",
        "repo": "default-linux",
        "rev": "31732fcf5e8fea42e59c2488ad31a0e651500f68",
        "type": "github"
      },
      "original": {
        "owner": "nix-systems",
        "repo": "default-linux",
        "type": "github"
      }
    },
    "systems_4": {
      "locked": {
        "lastModified": 1681028828,
        "narHash": "sha256-Vy1rq5AaRuLzOxct8nz4T6wlgyUR7zLU309k9mBC768=",
        "owner": "nix-systems",
        "repo": "default",
        "rev": "da67096a3b9bf56a91d16901293e51ba5b49a27e",
        "type": "github"
      },
      "original": {
        "owner": "nix-systems",
        "repo": "default",
        "type": "github"
      }
    },
    "systems_5": {
      "locked": {
        "lastModified": 1681028828,
        "narHash": "sha256-Vy1rq5AaRuLzOxct8nz4T6wlgyUR7zLU309k9mBC768=",
        "owner": "nix-systems",
        "repo": "default",
        "rev": "da67096a3b9bf56a91d16901293e51ba5b49a27e",
        "type": "github"
      },
      "original": {
        "owner": "nix-systems",
        "repo": "default",
        "type": "github"
      }
    },
    "utils": {
      "locked": {
        "lastModified": 1678901627,
        "narHash": "sha256-U02riOqrKKzwjsxc/400XnElV+UtPUQWpANPlyazjH0=",
        "owner": "numtide",
        "repo": "flake-utils",
        "rev": "93a2b84fc4b70d9e089d029deacc3583435c2ed6",
        "type": "github"
      },
      "original": {
        "owner": "numtide",
        "repo": "flake-utils",
        "type": "github"
      }
    },
    "wlroots": {
      "flake": false,
      "locked": {
        "host": "gitlab.freedesktop.org",
        "lastModified": 1697909146,
        "narHash": "sha256-jU0I6FoCKnj4zIBL4daosFWh81U1fM719Z6cae8PxSY=",
        "owner": "wlroots",
        "repo": "wlroots",
        "rev": "47bf87ade2bd32395615a385ebde1fefbcdf79a2",
        "type": "gitlab"
      },
      "original": {
        "host": "gitlab.freedesktop.org",
        "owner": "wlroots",
        "repo": "wlroots",
        "rev": "47bf87ade2bd32395615a385ebde1fefbcdf79a2",
        "type": "gitlab"
      }
    },
    "xdph": {
      "inputs": {
        "hyprland-protocols": [
          "hyprland",
          "hyprland-protocols"
        ],
        "nixpkgs": [
          "hyprland",
          "nixpkgs"
        ],
        "systems": [
          "hyprland",
          "systems"
        ]
      },
      "locked": {
        "lastModified": 1697981233,
        "narHash": "sha256-y8q4XUwx+gVK7i2eLjfR32lVo7TYvEslyzrmzYEaPZU=",
        "owner": "hyprwm",
        "repo": "xdg-desktop-portal-hyprland",
        "rev": "22e7a65ff9633e1dedfa5317fdffc49f68de2ff2",
        "type": "github"
      },
      "original": {
        "owner": "hyprwm",
        "repo": "xdg-desktop-portal-hyprland",
        "type": "github"
      }
    }
  },
  "root": "root",
  "version": 7
}
